# THIS IS AN AUTOGENERATED FILE. DO NOT EDIT THIS FILE DIRECTLY.
# yarn lockfile v1


react-app@^1.1.2:
  version "1.1.2"
  resolved "https://registry.yarnpkg.com/react-app/-/react-app-1.1.2.tgz#ae608159bdbdb166bc5fcc9c0d97b2219365dc1f"
  integrity sha512-4MrTmJWu3WDX3upmEyyHGhA15L0qtqJBDMoVZRjd5hrf8lEoX/ja/EOG31eppiyRTWpZGGigCwb2lzsI6ZKDFQ==

react-chartjs-2@^5.2.0:
  version "5.2.0"
  resolved "https://registry.yarnpkg.com/react-chartjs-2/-/react-chartjs-2-5.2.0.tgz#43c1e3549071c00a1a083ecbd26c1ad34d385f5d"
  integrity sha512-98iN5aguJyVSxp5U3CblRLH67J8gkfyGNbiK3c+l1QI/G4irHMPQw44aEPmjVag+YKTyQ260NcF82GTQ3bdscA==
